// !$*UTF8*$!
{
	archiveVersion = 1;
	classes = {
	};
	objectVersion = 48;
	objects = {

/* Begin PBXBuildFile section */
		8463641F1FC56C7B0026EB09 /* AppDelegate.swift in Sources */ = {isa = PBXBuildFile; fileRef = 8463641E1FC56C7B0026EB09 /* AppDelegate.swift */; };
		846364241FC56C7B0026EB09 /* Main.storyboard in Resources */ = {isa = PBXBuildFile; fileRef = 846364221FC56C7B0026EB09 /* Main.storyboard */; };
		846364261FC56C7B0026EB09 /* Assets.xcassets in Resources */ = {isa = PBXBuildFile; fileRef = 846364251FC56C7B0026EB09 /* Assets.xcassets */; };
		846364291FC56C7B0026EB09 /* LaunchScreen.storyboard in Resources */ = {isa = PBXBuildFile; fileRef = 846364271FC56C7B0026EB09 /* LaunchScreen.storyboard */; };
		846364311FC56DC40026EB09 /* LoginViewController.swift in Sources */ = {isa = PBXBuildFile; fileRef = 846364301FC56DC40026EB09 /* LoginViewController.swift */; };
		84C867751FC710D700B375F4 /* BoardsTableViewController.swift in Sources */ = {isa = PBXBuildFile; fileRef = 84C867741FC710D600B375F4 /* BoardsTableViewController.swift */; };
		84C867781FC714EA00B375F4 /* CardsTableViewController.swift in Sources */ = {isa = PBXBuildFile; fileRef = 84C867771FC714EA00B375F4 /* CardsTableViewController.swift */; };
		84C8677A1FC7159300B375F4 /* CardDetailViewController.swift in Sources */ = {isa = PBXBuildFile; fileRef = 84C867791FC7159300B375F4 /* CardDetailViewController.swift */; };
		84C8677C1FC7195F00B375F4 /* Board.swift in Sources */ = {isa = PBXBuildFile; fileRef = 84C8677B1FC7195F00B375F4 /* Board.swift */; };
		84C8677F1FC71B2300B375F4 /* Cards.swift in Sources */ = {isa = PBXBuildFile; fileRef = 84C8677E1FC71B2300B375F4 /* Cards.swift */; };
		84C867811FC71C6000B375F4 /* ReceiveToken.swift in Sources */ = {isa = PBXBuildFile; fileRef = 84C867801FC71C6000B375F4 /* ReceiveToken.swift */; };
		84C867841FC725BB00B375F4 /* BoardService.swift in Sources */ = {isa = PBXBuildFile; fileRef = 84C867831FC725BB00B375F4 /* BoardService.swift */; };
		84C867861FC7675D00B375F4 /* Router.swift in Sources */ = {isa = PBXBuildFile; fileRef = 84C867851FC7675D00B375F4 /* Router.swift */; };
		84C867891FC822BB00B375F4 /* CardRouter.swift in Sources */ = {isa = PBXBuildFile; fileRef = 84C867881FC822BB00B375F4 /* CardRouter.swift */; };
		84C8678B1FC826AA00B375F4 /* CardService.swift in Sources */ = {isa = PBXBuildFile; fileRef = 84C8678A1FC826AA00B375F4 /* CardService.swift */; };
		A8D2B28031B32A196EFFCBC0 /* Pods_KRTestTask.framework in Frameworks */ = {isa = PBXBuildFile; fileRef = 69D993ECA2CA6F857E9C7017 /* Pods_KRTestTask.framework */; };
/* End PBXBuildFile section */

/* Begin PBXFileReference section */
		69D993ECA2CA6F857E9C7017 /* Pods_KRTestTask.framework */ = {isa = PBXFileReference; explicitFileType = wrapper.framework; includeInIndex = 0; path = Pods_KRTestTask.framework; sourceTree = BUILT_PRODUCTS_DIR; };
		8463641B1FC56C7B0026EB09 /* KRTestTask.app */ = {isa = PBXFileReference; explicitFileType = wrapper.application; includeInIndex = 0; path = KRTestTask.app; sourceTree = BUILT_PRODUCTS_DIR; };
		8463641E1FC56C7B0026EB09 /* AppDelegate.swift */ = {isa = PBXFileReference; lastKnownFileType = sourcecode.swift; path = AppDelegate.swift; sourceTree = "<group>"; };
		846364231FC56C7B0026EB09 /* Base */ = {isa = PBXFileReference; lastKnownFileType = file.storyboard; name = Base; path = Base.lproj/Main.storyboard; sourceTree = "<group>"; };
		846364251FC56C7B0026EB09 /* Assets.xcassets */ = {isa = PBXFileReference; lastKnownFileType = folder.assetcatalog; path = Assets.xcassets; sourceTree = "<group>"; };
		846364281FC56C7B0026EB09 /* Base */ = {isa = PBXFileReference; lastKnownFileType = file.storyboard; name = Base; path = Base.lproj/LaunchScreen.storyboard; sourceTree = "<group>"; };
		8463642A1FC56C7B0026EB09 /* Info.plist */ = {isa = PBXFileReference; lastKnownFileType = text.plist.xml; path = Info.plist; sourceTree = "<group>"; };
		846364301FC56DC40026EB09 /* LoginViewController.swift */ = {isa = PBXFileReference; lastKnownFileType = sourcecode.swift; path = LoginViewController.swift; sourceTree = "<group>"; };
		84C867741FC710D600B375F4 /* BoardsTableViewController.swift */ = {isa = PBXFileReference; lastKnownFileType = sourcecode.swift; path = BoardsTableViewController.swift; sourceTree = "<group>"; };
		84C867771FC714EA00B375F4 /* CardsTableViewController.swift */ = {isa = PBXFileReference; lastKnownFileType = sourcecode.swift; path = CardsTableViewController.swift; sourceTree = "<group>"; };
		84C867791FC7159300B375F4 /* CardDetailViewController.swift */ = {isa = PBXFileReference; lastKnownFileType = sourcecode.swift; path = CardDetailViewController.swift; sourceTree = "<group>"; };
		84C8677B1FC7195F00B375F4 /* Board.swift */ = {isa = PBXFileReference; lastKnownFileType = sourcecode.swift; path = Board.swift; sourceTree = "<group>"; };
		84C8677E1FC71B2300B375F4 /* Cards.swift */ = {isa = PBXFileReference; lastKnownFileType = sourcecode.swift; path = Cards.swift; sourceTree = "<group>"; };
		84C867801FC71C6000B375F4 /* ReceiveToken.swift */ = {isa = PBXFileReference; lastKnownFileType = sourcecode.swift; path = ReceiveToken.swift; sourceTree = "<group>"; };
		84C867831FC725BB00B375F4 /* BoardService.swift */ = {isa = PBXFileReference; lastKnownFileType = sourcecode.swift; path = BoardService.swift; sourceTree = "<group>"; };
		84C867851FC7675D00B375F4 /* Router.swift */ = {isa = PBXFileReference; lastKnownFileType = sourcecode.swift; path = Router.swift; sourceTree = "<group>"; };
		84C867881FC822BB00B375F4 /* CardRouter.swift */ = {isa = PBXFileReference; lastKnownFileType = sourcecode.swift; path = CardRouter.swift; sourceTree = "<group>"; };
		84C8678A1FC826AA00B375F4 /* CardService.swift */ = {isa = PBXFileReference; lastKnownFileType = sourcecode.swift; path = CardService.swift; sourceTree = "<group>"; };
		BABB819CC51257BA22C0A417 /* Pods-KRTestTask.debug.xcconfig */ = {isa = PBXFileReference; includeInIndex = 1; lastKnownFileType = text.xcconfig; name = "Pods-KRTestTask.debug.xcconfig"; path = "Pods/Target Support Files/Pods-KRTestTask/Pods-KRTestTask.debug.xcconfig"; sourceTree = "<group>"; };
		F8B949182EC4AFE4D10A635C /* Pods-KRTestTask.release.xcconfig */ = {isa = PBXFileReference; includeInIndex = 1; lastKnownFileType = text.xcconfig; name = "Pods-KRTestTask.release.xcconfig"; path = "Pods/Target Support Files/Pods-KRTestTask/Pods-KRTestTask.release.xcconfig"; sourceTree = "<group>"; };
/* End PBXFileReference section */

/* Begin PBXFrameworksBuildPhase section */
		846364181FC56C7B0026EB09 /* Frameworks */ = {
			isa = PBXFrameworksBuildPhase;
			buildActionMask = 2147483647;
			files = (
				A8D2B28031B32A196EFFCBC0 /* Pods_KRTestTask.framework in Frameworks */,
			);
			runOnlyForDeploymentPostprocessing = 0;
		};
/* End PBXFrameworksBuildPhase section */

/* Begin PBXGroup section */
		111D4CDC19B754B244464D49 /* Pods */ = {
			isa = PBXGroup;
			children = (
				BABB819CC51257BA22C0A417 /* Pods-KRTestTask.debug.xcconfig */,
				F8B949182EC4AFE4D10A635C /* Pods-KRTestTask.release.xcconfig */,
			);
			name = Pods;
			sourceTree = "<group>";
		};
		846364121FC56C7B0026EB09 = {
			isa = PBXGroup;
			children = (
				8463641D1FC56C7B0026EB09 /* KRTestTask */,
				8463641C1FC56C7B0026EB09 /* Products */,
				111D4CDC19B754B244464D49 /* Pods */,
				FC7564BDBCF735EEA6D57126 /* Frameworks */,
			);
			sourceTree = "<group>";
		};
		8463641C1FC56C7B0026EB09 /* Products */ = {
			isa = PBXGroup;
			children = (
				8463641B1FC56C7B0026EB09 /* KRTestTask.app */,
			);
			name = Products;
			sourceTree = "<group>";
		};
		8463641D1FC56C7B0026EB09 /* KRTestTask */ = {
			isa = PBXGroup;
			children = (
				84C867871FC7677E00B375F4 /* Router */,
				84C867821FC724C000B375F4 /* Services */,
				84C8677D1FC71A0800B375F4 /* Models */,
				84C867761FC7138100B375F4 /* Controllers */,
				8463641E1FC56C7B0026EB09 /* AppDelegate.swift */,
				846364221FC56C7B0026EB09 /* Main.storyboard */,
				846364251FC56C7B0026EB09 /* Assets.xcassets */,
				846364271FC56C7B0026EB09 /* LaunchScreen.storyboard */,
				8463642A1FC56C7B0026EB09 /* Info.plist */,
			);
			path = KRTestTask;
			sourceTree = "<group>";
		};
		84C867761FC7138100B375F4 /* Controllers */ = {
			isa = PBXGroup;
			children = (
				846364301FC56DC40026EB09 /* LoginViewController.swift */,
				84C867741FC710D600B375F4 /* BoardsTableViewController.swift */,
				84C867771FC714EA00B375F4 /* CardsTableViewController.swift */,
				84C867791FC7159300B375F4 /* CardDetailViewController.swift */,
			);
			path = Controllers;
			sourceTree = "<group>";
		};
		84C8677D1FC71A0800B375F4 /* Models */ = {
			isa = PBXGroup;
			children = (
				84C8677B1FC7195F00B375F4 /* Board.swift */,
				84C8677E1FC71B2300B375F4 /* Cards.swift */,
			);
			path = Models;
			sourceTree = "<group>";
		};
		84C867821FC724C000B375F4 /* Services */ = {
			isa = PBXGroup;
			children = (
				84C867801FC71C6000B375F4 /* ReceiveToken.swift */,
				84C867831FC725BB00B375F4 /* BoardService.swift */,
				84C8678A1FC826AA00B375F4 /* CardService.swift */,
			);
			path = Services;
			sourceTree = "<group>";
		};
		84C867871FC7677E00B375F4 /* Router */ = {
			isa = PBXGroup;
			children = (
				84C867851FC7675D00B375F4 /* Router.swift */,
				84C867881FC822BB00B375F4 /* CardRouter.swift */,
			);
			path = Router;
			sourceTree = "<group>";
		};
		FC7564BDBCF735EEA6D57126 /* Frameworks */ = {
			isa = PBXGroup;
			children = (
				69D993ECA2CA6F857E9C7017 /* Pods_KRTestTask.framework */,
			);
			name = Frameworks;
			sourceTree = "<group>";
		};
/* End PBXGroup section */

/* Begin PBXNativeTarget section */
		8463641A1FC56C7B0026EB09 /* KRTestTask */ = {
			isa = PBXNativeTarget;
			buildConfigurationList = 8463642D1FC56C7B0026EB09 /* Build configuration list for PBXNativeTarget "KRTestTask" */;
			buildPhases = (
				DA8728B1FF7C7D5C90EBBBC6 /* [CP] Check Pods Manifest.lock */,
				846364171FC56C7B0026EB09 /* Sources */,
				846364181FC56C7B0026EB09 /* Frameworks */,
				846364191FC56C7B0026EB09 /* Resources */,
				626C064373CA9B415C5A26C0 /* [CP] Embed Pods Frameworks */,
				02C72545B8A74CD0E8D6B22C /* [CP] Copy Pods Resources */,
			);
			buildRules = (
			);
			dependencies = (
			);
			name = KRTestTask;
			productName = KRTestTask;
			productReference = 8463641B1FC56C7B0026EB09 /* KRTestTask.app */;
			productType = "com.apple.product-type.application";
		};
/* End PBXNativeTarget section */

/* Begin PBXProject section */
		846364131FC56C7B0026EB09 /* Project object */ = {
			isa = PBXProject;
			attributes = {
				LastSwiftUpdateCheck = 0910;
				LastUpgradeCheck = 0910;
				ORGANIZATIONNAME = NS;
				TargetAttributes = {
					8463641A1FC56C7B0026EB09 = {
						CreatedOnToolsVersion = 9.1;
						ProvisioningStyle = Automatic;
					};
				};
			};
			buildConfigurationList = 846364161FC56C7B0026EB09 /* Build configuration list for PBXProject "KRTestTask" */;
			compatibilityVersion = "Xcode 8.0";
			developmentRegion = en;
			hasScannedForEncodings = 0;
			knownRegions = (
				en,
				Base,
			);
			mainGroup = 846364121FC56C7B0026EB09;
			productRefGroup = 8463641C1FC56C7B0026EB09 /* Products */;
			projectDirPath = "";
			projectRoot = "";
			targets = (
				8463641A1FC56C7B0026EB09 /* KRTestTask */,
			);
		};
/* End PBXProject section */

/* Begin PBXResourcesBuildPhase section */
		846364191FC56C7B0026EB09 /* Resources */ = {
			isa = PBXResourcesBuildPhase;
			buildActionMask = 2147483647;
			files = (
				846364291FC56C7B0026EB09 /* LaunchScreen.storyboard in Resources */,
				846364261FC56C7B0026EB09 /* Assets.xcassets in Resources */,
				846364241FC56C7B0026EB09 /* Main.storyboard in Resources */,
			);
			runOnlyForDeploymentPostprocessing = 0;
		};
/* End PBXResourcesBuildPhase section */

/* Begin PBXShellScriptBuildPhase section */
		02C72545B8A74CD0E8D6B22C /* [CP] Copy Pods Resources */ = {
			isa = PBXShellScriptBuildPhase;
			buildActionMask = 2147483647;
			files = (
			);
			inputPaths = (
			);
			name = "[CP] Copy Pods Resources";
			outputPaths = (
			);
			runOnlyForDeploymentPostprocessing = 0;
			shellPath = /bin/sh;
			shellScript = "\"${SRCROOT}/Pods/Target Support Files/Pods-KRTestTask/Pods-KRTestTask-resources.sh\"\n";
			showEnvVarsInLog = 0;
		};
		626C064373CA9B415C5A26C0 /* [CP] Embed Pods Frameworks */ = {
			isa = PBXShellScriptBuildPhase;
			buildActionMask = 2147483647;
			files = (
			);
			inputPaths = (
				"${SRCROOT}/Pods/Target Support Files/Pods-KRTestTask/Pods-KRTestTask-frameworks.sh",
				"${BUILT_PRODUCTS_DIR}/Alamofire/Alamofire.framework",
				"${BUILT_PRODUCTS_DIR}/OAuthSwift/OAuthSwift.framework",
				"${BUILT_PRODUCTS_DIR}/SwiftyJSON/SwiftyJSON.framework",
			);
			name = "[CP] Embed Pods Frameworks";
			outputPaths = (
				"${TARGET_BUILD_DIR}/${FRAMEWORKS_FOLDER_PATH}/Alamofire.framework",
				"${TARGET_BUILD_DIR}/${FRAMEWORKS_FOLDER_PATH}/OAuthSwift.framework",
				"${TARGET_BUILD_DIR}/${FRAMEWORKS_FOLDER_PATH}/SwiftyJSON.framework",
			);
			runOnlyForDeploymentPostprocessing = 0;
			shellPath = /bin/sh;
			shellScript = "\"${SRCROOT}/Pods/Target Support Files/Pods-KRTestTask/Pods-KRTestTask-frameworks.sh\"\n";
			showEnvVarsInLog = 0;
		};
		DA8728B1FF7C7D5C90EBBBC6 /* [CP] Check Pods Manifest.lock */ = {
			isa = PBXShellScriptBuildPhase;
			buildActionMask = 2147483647;
			files = (
			);
			inputPaths = (
				"${PODS_PODFILE_DIR_PATH}/Podfile.lock",
				"${PODS_ROOT}/Manifest.lock",
			);
			name = "[CP] Check Pods Manifest.lock";
			outputPaths = (
				"$(DERIVED_FILE_DIR)/Pods-KRTestTask-checkManifestLockResult.txt",
			);
			runOnlyForDeploymentPostprocessing = 0;
			shellPath = /bin/sh;
			shellScript = "diff \"${PODS_PODFILE_DIR_PATH}/Podfile.lock\" \"${PODS_ROOT}/Manifest.lock\" > /dev/null\nif [ $? != 0 ] ; then\n    # print error to STDERR\n    echo \"error: The sandbox is not in sync with the Podfile.lock. Run 'pod install' or update your CocoaPods installation.\" >&2\n    exit 1\nfi\n# This output is used by Xcode 'outputs' to avoid re-running this script phase.\necho \"SUCCESS\" > \"${SCRIPT_OUTPUT_FILE_0}\"\n";
			showEnvVarsInLog = 0;
		};
/* End PBXShellScriptBuildPhase section */

/* Begin PBXSourcesBuildPhase section */
		846364171FC56C7B0026EB09 /* Sources */ = {
			isa = PBXSourcesBuildPhase;
			buildActionMask = 2147483647;
			files = (
				84C8677A1FC7159300B375F4 /* CardDetailViewController.swift in Sources */,
				84C867811FC71C6000B375F4 /* ReceiveToken.swift in Sources */,
				84C867861FC7675D00B375F4 /* Router.swift in Sources */,
				846364311FC56DC40026EB09 /* LoginViewController.swift in Sources */,
				84C8677C1FC7195F00B375F4 /* Board.swift in Sources */,
				84C8677F1FC71B2300B375F4 /* Cards.swift in Sources */,
				84C867781FC714EA00B375F4 /* CardsTableViewController.swift in Sources */,
				84C8678B1FC826AA00B375F4 /* CardService.swift in Sources */,
				8463641F1FC56C7B0026EB09 /* AppDelegate.swift in Sources */,
				84C867751FC710D700B375F4 /* BoardsTableViewController.swift in Sources */,
				84C867891FC822BB00B375F4 /* CardRouter.swift in Sources */,
				84C867841FC725BB00B375F4 /* BoardService.swift in Sources */,
			);
			runOnlyForDeploymentPostprocessing = 0;
		};
/* End PBXSourcesBuildPhase section */

/* Begin PBXVariantGroup section */
		846364221FC56C7B0026EB09 /* Main.storyboard */ = {
			isa = PBXVariantGroup;
			children = (
				846364231FC56C7B0026EB09 /* Base */,
			);
			name = Main.storyboard;
			sourceTree = "<group>";
		};
		846364271FC56C7B0026EB09 /* LaunchScreen.storyboard */ = {
			isa = PBXVariantGroup;
			children = (
				846364281FC56C7B0026EB09 /* Base */,
			);
			name = LaunchScreen.storyboard;
			sourceTree = "<group>";
		};
/* End PBXVariantGroup section */

/* Begin XCBuildConfiguration section */
		8463642B1FC56C7B0026EB09 /* Debug */ = {
			isa = XCBuildConfiguration;
			buildSettings = {
				ALWAYS_SEARCH_USER_PATHS = NO;
				CLANG_ANALYZER_NONNULL = YES;
				CLANG_ANALYZER_NUMBER_OBJECT_CONVERSION = YES_AGGRESSIVE;
				CLANG_CXX_LANGUAGE_STANDARD = "gnu++14";
				CLANG_CXX_LIBRARY = "libc++";
				CLANG_ENABLE_MODULES = YES;
				CLANG_ENABLE_OBJC_ARC = YES;
				CLANG_WARN_BLOCK_CAPTURE_AUTORELEASING = YES;
				CLANG_WARN_BOOL_CONVERSION = YES;
				CLANG_WARN_COMMA = YES;
				CLANG_WARN_CONSTANT_CONVERSION = YES;
				CLANG_WARN_DIRECT_OBJC_ISA_USAGE = YES_ERROR;
				CLANG_WARN_DOCUMENTATION_COMMENTS = YES;
				CLANG_WARN_EMPTY_BODY = YES;
				CLANG_WARN_ENUM_CONVERSION = YES;
				CLANG_WARN_INFINITE_RECURSION = YES;
				CLANG_WARN_INT_CONVERSION = YES;
				CLANG_WARN_NON_LITERAL_NULL_CONVERSION = YES;
				CLANG_WARN_OBJC_LITERAL_CONVERSION = YES;
				CLANG_WARN_OBJC_ROOT_CLASS = YES_ERROR;
				CLANG_WARN_RANGE_LOOP_ANALYSIS = YES;
				CLANG_WARN_STRICT_PROTOTYPES = YES;
				CLANG_WARN_SUSPICIOUS_MOVE = YES;
				CLANG_WARN_UNGUARDED_AVAILABILITY = YES_AGGRESSIVE;
				CLANG_WARN_UNREACHABLE_CODE = YES;
				CLANG_WARN__DUPLICATE_METHOD_MATCH = YES;
				CODE_SIGN_IDENTITY = "iPhone Developer";
				COPY_PHASE_STRIP = NO;
				DEBUG_INFORMATION_FORMAT = dwarf;
				ENABLE_STRICT_OBJC_MSGSEND = YES;
				ENABLE_TESTABILITY = YES;
				GCC_C_LANGUAGE_STANDARD = gnu11;
				GCC_DYNAMIC_NO_PIC = NO;
				GCC_NO_COMMON_BLOCKS = YES;
				GCC_OPTIMIZATION_LEVEL = 0;
				GCC_PREPROCESSOR_DEFINITIONS = (
					"DEBUG=1",
					"$(inherited)",
				);
				GCC_WARN_64_TO_32_BIT_CONVERSION = YES;
				GCC_WARN_ABOUT_RETURN_TYPE = YES_ERROR;
				GCC_WARN_UNDECLARED_SELECTOR = YES;
				GCC_WARN_UNINITIALIZED_AUTOS = YES_AGGRESSIVE;
				GCC_WARN_UNUSED_FUNCTION = YES;
				GCC_WARN_UNUSED_VARIABLE = YES;
				IPHONEOS_DEPLOYMENT_TARGET = 11.1;
				MTL_ENABLE_DEBUG_INFO = YES;
				ONLY_ACTIVE_ARCH = YES;
				SDKROOT = iphoneos;
				SWIFT_ACTIVE_COMPILATION_CONDITIONS = DEBUG;
				SWIFT_OPTIMIZATION_LEVEL = "-Onone";
			};
			name = Debug;
		};
		8463642C1FC56C7B0026EB09 /* Release */ = {
			isa = XCBuildConfiguration;
			buildSettings = {
				ALWAYS_SEARCH_USER_PATHS = NO;
				CLANG_ANALYZER_NONNULL = YES;
				CLANG_ANALYZER_NUMBER_OBJECT_CONVERSION = YES_AGGRESSIVE;
				CLANG_CXX_LANGUAGE_STANDARD = "gnu++14";
				CLANG_CXX_LIBRARY = "libc++";
				CLANG_ENABLE_MODULES = YES;
				CLANG_ENABLE_OBJC_ARC = YES;
				CLANG_WARN_BLOCK_CAPTURE_AUTORELEASING = YES;
				CLANG_WARN_BOOL_CONVERSION = YES;
				CLANG_WARN_COMMA = YES;
				CLANG_WARN_CONSTANT_CONVERSION = YES;
				CLANG_WARN_DIRECT_OBJC_ISA_USAGE = YES_ERROR;
				CLANG_WARN_DOCUMENTATION_COMMENTS = YES;
				CLANG_WARN_EMPTY_BODY = YES;
				CLANG_WARN_ENUM_CONVERSION = YES;
				CLANG_WARN_INFINITE_RECURSION = YES;
				CLANG_WARN_INT_CONVERSION = YES;
				CLANG_WARN_NON_LITERAL_NULL_CONVERSION = YES;
				CLANG_WARN_OBJC_LITERAL_CONVERSION = YES;
				CLANG_WARN_OBJC_ROOT_CLASS = YES_ERROR;
				CLANG_WARN_RANGE_LOOP_ANALYSIS = YES;
				CLANG_WARN_STRICT_PROTOTYPES = YES;
				CLANG_WARN_SUSPICIOUS_MOVE = YES;
				CLANG_WARN_UNGUARDED_AVAILABILITY = YES_AGGRESSIVE;
				CLANG_WARN_UNREACHABLE_CODE = YES;
				CLANG_WARN__DUPLICATE_METHOD_MATCH = YES;
				CODE_SIGN_IDENTITY = "iPhone Developer";
				COPY_PHASE_STRIP = NO;
				DEBUG_INFORMATION_FORMAT = "dwarf-with-dsym";
				ENABLE_NS_ASSERTIONS = NO;
				ENABLE_STRICT_OBJC_MSGSEND = YES;
				GCC_C_LANGUAGE_STANDARD = gnu11;
				GCC_NO_COMMON_BLOCKS = YES;
				GCC_WARN_64_TO_32_BIT_CONVERSION = YES;
				GCC_WARN_ABOUT_RETURN_TYPE = YES_ERROR;
				GCC_WARN_UNDECLARED_SELECTOR = YES;
				GCC_WARN_UNINITIALIZED_AUTOS = YES_AGGRESSIVE;
				GCC_WARN_UNUSED_FUNCTION = YES;
				GCC_WARN_UNUSED_VARIABLE = YES;
				IPHONEOS_DEPLOYMENT_TARGET = 11.1;
				MTL_ENABLE_DEBUG_INFO = NO;
				SDKROOT = iphoneos;
				SWIFT_OPTIMIZATION_LEVEL = "-Owholemodule";
				VALIDATE_PRODUCT = YES;
			};
			name = Release;
		};
		8463642E1FC56C7B0026EB09 /* Debug */ = {
			isa = XCBuildConfiguration;
			baseConfigurationReference = BABB819CC51257BA22C0A417 /* Pods-KRTestTask.debug.xcconfig */;
			buildSettings = {
				ASSETCATALOG_COMPILER_APPICON_NAME = AppIcon;
				CODE_SIGN_STYLE = Automatic;
				INFOPLIST_FILE = KRTestTask/Info.plist;
				LD_RUNPATH_SEARCH_PATHS = "$(inherited) @executable_path/Frameworks";
				PRODUCT_BUNDLE_IDENTIFIER = NS.KRTestTask;
				PRODUCT_NAME = "$(TARGET_NAME)";
				SWIFT_VERSION = 4.0;
				TARGETED_DEVICE_FAMILY = "1,2";
			};
			name = Debug;
		};
		8463642F1FC56C7B0026EB09 /* Release */ = {
			isa = XCBuildConfiguration;
			baseConfigurationReference = F8B949182EC4AFE4D10A635C /* Pods-KRTestTask.release.xcconfig */;
			buildSettings = {
				ASSETCATALOG_COMPILER_APPICON_NAME = AppIcon;
				CODE_SIGN_STYLE = Automatic;
				INFOPLIST_FILE = KRTestTask/Info.plist;
				LD_RUNPATH_SEARCH_PATHS = "$(inherited) @executable_path/Frameworks";
				PRODUCT_BUNDLE_IDENTIFIER = NS.KRTestTask;
				PRODUCT_NAME = "$(TARGET_NAME)";
				SWIFT_VERSION = 4.0;
				TARGETED_DEVICE_FAMILY = "1,2";
			};
			name = Release;
		};
/* End XCBuildConfiguration section */

/* Begin XCConfigurationList section */
		846364161FC56C7B0026EB09 /* Build configuration list for PBXProject "KRTestTask" */ = {
			isa = XCConfigurationList;
			buildConfigurations = (
				8463642B1FC56C7B0026EB09 /* Debug */,
				8463642C1FC56C7B0026EB09 /* Release */,
			);
			defaultConfigurationIsVisible = 0;
			defaultConfigurationName = Release;
		};
		8463642D1FC56C7B0026EB09 /* Build configuration list for PBXNativeTarget "KRTestTask" */ = {
			isa = XCConfigurationList;
			buildConfigurations = (
				8463642E1FC56C7B0026EB09 /* Debug */,
				8463642F1FC56C7B0026EB09 /* Release */,
			);
			defaultConfigurationIsVisible = 0;
			defaultConfigurationName = Release;
		};
/* End XCConfigurationList section */
	};
	rootObject = 846364131FC56C7B0026EB09 /* Project object */;
}
